// !$*UTF8*$!
{
	archiveVersion = 1;
	classes = {
	};
	objectVersion = 56;
	objects = {

/* Begin PBXBuildFile section */
		3CAEF4022D3A63660083DB01 /* Assets.xcassets in Resources */ = {isa = PBXBuildFile; fileRef = 3CAEF4012D3A63660083DB01 /* Assets.xcassets */; };
		3CAEF4052D3A63660083DB01 /* Preview Assets.xcassets in Resources */ = {isa = PBXBuildFile; fileRef = 3CAEF4042D3A63660083DB01 /* Preview Assets.xcassets */; };
		3CAEF43D2D3A75690083DB01 /* ColorCrushApp.swift in Sources */ = {isa = PBXBuildFile; fileRef = 3CAEF4342D3A75680083DB01 /* ColorCrushApp.swift */; };
		3CAEF43E2D3A75690083DB01 /* ButtonView.swift in Sources */ = {isa = PBXBuildFile; fileRef = 3CAEF4352D3A75680083DB01 /* ButtonView.swift */; };
		3CAEF43F2D3A75690083DB01 /* DashBoardView.swift in Sources */ = {isa = PBXBuildFile; fileRef = 3CAEF4362D3A75680083DB01 /* DashBoardView.swift */; };
		3CAEF4402D3A75690083DB01 /* MoveCountView.swift in Sources */ = {isa = PBXBuildFile; fileRef = 3CAEF4372D3A75680083DB01 /* MoveCountView.swift */; };
		3CAEF4412D3A75690083DB01 /* GameModel.swift in Sources */ = {isa = PBXBuildFile; fileRef = 3CAEF4382D3A75680083DB01 /* GameModel.swift */; };
		3CAEF4422D3A75690083DB01 /* GameViewModel.swift in Sources */ = {isa = PBXBuildFile; fileRef = 3CAEF4392D3A75680083DB01 /* GameViewModel.swift */; };
		3CAEF4432D3A75690083DB01 /* ContentView.swift in Sources */ = {isa = PBXBuildFile; fileRef = 3CAEF43A2D3A75680083DB01 /* ContentView.swift */; };
		3CAEF4442D3A75690083DB01 /* GridCellView.swift in Sources */ = {isa = PBXBuildFile; fileRef = 3CAEF43B2D3A75680083DB01 /* GridCellView.swift */; };
		3CAEF4452D3A75690083DB01 /* ContentStruct.swift in Sources */ = {isa = PBXBuildFile; fileRef = 3CAEF43C2D3A75690083DB01 /* ContentStruct.swift */; };
		3CAEF4472D3A75770083DB01 /* TitleView.swift in Sources */ = {isa = PBXBuildFile; fileRef = 3CAEF4462D3A75770083DB01 /* TitleView.swift */; };
/* End PBXBuildFile section */

/* Begin PBXFileReference section */
		3CAEF3FA2D3A63600083DB01 /* ColorCrush.app */ = {isa = PBXFileReference; explicitFileType = wrapper.application; includeInIndex = 0; path = ColorCrush.app; sourceTree = BUILT_PRODUCTS_DIR; };
		3CAEF4012D3A63660083DB01 /* Assets.xcassets */ = {isa = PBXFileReference; lastKnownFileType = folder.assetcatalog; path = Assets.xcassets; sourceTree = "<group>"; };
		3CAEF4042D3A63660083DB01 /* Preview Assets.xcassets */ = {isa = PBXFileReference; lastKnownFileType = folder.assetcatalog; path = "Preview Assets.xcassets"; sourceTree = "<group>"; };
		3CAEF4332D3A75660083DB01 /* ColorCrush-Bridging-Header.h */ = {isa = PBXFileReference; lastKnownFileType = sourcecode.c.h; path = "ColorCrush-Bridging-Header.h"; sourceTree = "<group>"; };
		3CAEF4342D3A75680083DB01 /* ColorCrushApp.swift */ = {isa = PBXFileReference; fileEncoding = 4; lastKnownFileType = sourcecode.swift; name = ColorCrushApp.swift; path = ColorCrush/ColorCrushApp.swift; sourceTree = "<group>"; };
		3CAEF4352D3A75680083DB01 /* ButtonView.swift */ = {isa = PBXFileReference; fileEncoding = 4; lastKnownFileType = sourcecode.swift; name = ButtonView.swift; path = ColorCrush/ButtonView.swift; sourceTree = "<group>"; };
		3CAEF4362D3A75680083DB01 /* DashBoardView.swift */ = {isa = PBXFileReference; fileEncoding = 4; lastKnownFileType = sourcecode.swift; name = DashBoardView.swift; path = ColorCrush/DashBoardView.swift; sourceTree = "<group>"; };
		3CAEF4372D3A75680083DB01 /* MoveCountView.swift */ = {isa = PBXFileReference; fileEncoding = 4; lastKnownFileType = sourcecode.swift; name = MoveCountView.swift; path = ColorCrush/MoveCountView.swift; sourceTree = "<group>"; };
		3CAEF4382D3A75680083DB01 /* GameModel.swift */ = {isa = PBXFileReference; fileEncoding = 4; lastKnownFileType = sourcecode.swift; name = GameModel.swift; path = ColorCrush/GameModel.swift; sourceTree = "<group>"; };
		3CAEF4392D3A75680083DB01 /* GameViewModel.swift */ = {isa = PBXFileReference; fileEncoding = 4; lastKnownFileType = sourcecode.swift; name = GameViewModel.swift; path = ColorCrush/GameViewModel.swift; sourceTree = "<group>"; };
		3CAEF43A2D3A75680083DB01 /* ContentView.swift */ = {isa = PBXFileReference; fileEncoding = 4; lastKnownFileType = sourcecode.swift; name = ContentView.swift; path = ColorCrush/ContentView.swift; sourceTree = "<group>"; };
		3CAEF43B2D3A75680083DB01 /* GridCellView.swift */ = {isa = PBXFileReference; fileEncoding = 4; lastKnownFileType = sourcecode.swift; name = GridCellView.swift; path = ColorCrush/GridCellView.swift; sourceTree = "<group>"; };
		3CAEF43C2D3A75690083DB01 /* ContentStruct.swift */ = {isa = PBXFileReference; fileEncoding = 4; lastKnownFileType = sourcecode.swift; name = ContentStruct.swift; path = ColorCrush/ContentStruct.swift; sourceTree = "<group>"; };
		3CAEF4462D3A75770083DB01 /* TitleView.swift */ = {isa = PBXFileReference; fileEncoding = 4; lastKnownFileType = sourcecode.swift; name = TitleView.swift; path = ColorCrush/TitleView.swift; sourceTree = "<group>"; };
/* End PBXFileReference section */

/* Begin PBXFrameworksBuildPhase section */
		3CAEF3F72D3A63600083DB01 /* Frameworks */ = {
			isa = PBXFrameworksBuildPhase;
			buildActionMask = 2147483647;
			files = (
			);
			runOnlyForDeploymentPostprocessing = 0;
		};
/* End PBXFrameworksBuildPhase section */

/* Begin PBXGroup section */
		3CAEF3F12D3A63600083DB01 = {
			isa = PBXGroup;
			children = (
				3CAEF4462D3A75770083DB01 /* TitleView.swift */,
				3CAEF4352D3A75680083DB01 /* ButtonView.swift */,
				3CAEF4342D3A75680083DB01 /* ColorCrushApp.swift */,
				3CAEF43C2D3A75690083DB01 /* ContentStruct.swift */,
				3CAEF43A2D3A75680083DB01 /* ContentView.swift */,
				3CAEF4362D3A75680083DB01 /* DashBoardView.swift */,
				3CAEF4382D3A75680083DB01 /* GameModel.swift */,
				3CAEF4392D3A75680083DB01 /* GameViewModel.swift */,
				3CAEF43B2D3A75680083DB01 /* GridCellView.swift */,
				3CAEF4372D3A75680083DB01 /* MoveCountView.swift */,
				3CAEF3FC2D3A63600083DB01 /* ColorCrush */,
				3CAEF3FB2D3A63600083DB01 /* Products */,
				3CAEF4332D3A75660083DB01 /* ColorCrush-Bridging-Header.h */,
			);
			sourceTree = "<group>";
		};
		3CAEF3FB2D3A63600083DB01 /* Products */ = {
			isa = PBXGroup;
			children = (
				3CAEF3FA2D3A63600083DB01 /* ColorCrush.app */,
			);
			name = Products;
			sourceTree = "<group>";
		};
		3CAEF3FC2D3A63600083DB01 /* ColorCrush */ = {
			isa = PBXGroup;
			children = (
				3CAEF4012D3A63660083DB01 /* Assets.xcassets */,
				3CAEF4032D3A63660083DB01 /* Preview Content */,
			);
			path = ColorCrush;
			sourceTree = "<group>";
		};
		3CAEF4032D3A63660083DB01 /* Preview Content */ = {
			isa = PBXGroup;
			children = (
				3CAEF4042D3A63660083DB01 /* Preview Assets.xcassets */,
			);
			path = "Preview Content";
			sourceTree = "<group>";
		};
/* End PBXGroup section */

/* Begin PBXNativeTarget section */
		3CAEF3F92D3A63600083DB01 /* ColorCrush */ = {
			isa = PBXNativeTarget;
			buildConfigurationList = 3CAEF4082D3A63660083DB01 /* Build configuration list for PBXNativeTarget "ColorCrush" */;
			buildPhases = (
				3CAEF3F62D3A63600083DB01 /* Sources */,
				3CAEF3F72D3A63600083DB01 /* Frameworks */,
				3CAEF3F82D3A63600083DB01 /* Resources */,
			);
			buildRules = (
			);
			dependencies = (
			);
			name = ColorCrush;
			productName = ColorCrush;
			productReference = 3CAEF3FA2D3A63600083DB01 /* ColorCrush.app */;
			productType = "com.apple.product-type.application";
		};
/* End PBXNativeTarget section */

/* Begin PBXProject section */
		3CAEF3F22D3A63600083DB01 /* Project object */ = {
			isa = PBXProject;
			attributes = {
				BuildIndependentTargetsInParallel = 1;
				LastSwiftUpdateCheck = 1420;
				LastUpgradeCheck = 1420;
				TargetAttributes = {
					3CAEF3F92D3A63600083DB01 = {
						CreatedOnToolsVersion = 14.2;
						LastSwiftMigration = 1420;
					};
				};
			};
			buildConfigurationList = 3CAEF3F52D3A63600083DB01 /* Build configuration list for PBXProject "ColorCrush" */;
			compatibilityVersion = "Xcode 14.0";
			developmentRegion = en;
			hasScannedForEncodings = 0;
			knownRegions = (
				en,
				Base,
			);
			mainGroup = 3CAEF3F12D3A63600083DB01;
			productRefGroup = 3CAEF3FB2D3A63600083DB01 /* Products */;
			projectDirPath = "";
			projectRoot = "";
			targets = (
				3CAEF3F92D3A63600083DB01 /* ColorCrush */,
			);
		};
/* End PBXProject section */

/* Begin PBXResourcesBuildPhase section */
		3CAEF3F82D3A63600083DB01 /* Resources */ = {
			isa = PBXResourcesBuildPhase;
			buildActionMask = 2147483647;
			files = (
				3CAEF4052D3A63660083DB01 /* Preview Assets.xcassets in Resources */,
				3CAEF4022D3A63660083DB01 /* Assets.xcassets in Resources */,
			);
			runOnlyForDeploymentPostprocessing = 0;
		};
/* End PBXResourcesBuildPhase section */

/* Begin PBXSourcesBuildPhase section */
		3CAEF3F62D3A63600083DB01 /* Sources */ = {
			isa = PBXSourcesBuildPhase;
			buildActionMask = 2147483647;
			files = (
				3CAEF4422D3A75690083DB01 /* GameViewModel.swift in Sources */,
				3CAEF4412D3A75690083DB01 /* GameModel.swift in Sources */,
				3CAEF4432D3A75690083DB01 /* ContentView.swift in Sources */,
				3CAEF43F2D3A75690083DB01 /* DashBoardView.swift in Sources */,
				3CAEF4402D3A75690083DB01 /* MoveCountView.swift in Sources */,
				3CAEF4452D3A75690083DB01 /* ContentStruct.swift in Sources */,
				3CAEF43E2D3A75690083DB01 /* ButtonView.swift in Sources */,
				3CAEF4442D3A75690083DB01 /* GridCellView.swift in Sources */,
				3CAEF43D2D3A75690083DB01 /* ColorCrushApp.swift in Sources */,
				3CAEF4472D3A75770083DB01 /* TitleView.swift in Sources */,
			);
			runOnlyForDeploymentPostprocessing = 0;
		};
/* End PBXSourcesBuildPhase section */

/* Begin XCBuildConfiguration section */
		3CAEF4062D3A63660083DB01 /* Debug */ = {
			isa = XCBuildConfiguration;
			buildSettings = {
				ALWAYS_SEARCH_USER_PATHS = NO;
				CLANG_ANALYZER_NONNULL = YES;
				CLANG_ANALYZER_NUMBER_OBJECT_CONVERSION = YES_AGGRESSIVE;
				CLANG_CXX_LANGUAGE_STANDARD = "gnu++17";
				CLANG_ENABLE_MODULES = YES;
				CLANG_ENABLE_OBJC_ARC = YES;
				CLANG_ENABLE_OBJC_WEAK = YES;
				CLANG_WARN_BLOCK_CAPTURE_AUTORELEASING = YES;
				CLANG_WARN_BOOL_CONVERSION = YES;
				CLANG_WARN_COMMA = YES;
				CLANG_WARN_CONSTANT_CONVERSION = YES;
				CLANG_WARN_DEPRECATED_OBJC_IMPLEMENTATIONS = YES;
				CLANG_WARN_DIRECT_OBJC_ISA_USAGE = YES_ERROR;
				CLANG_WARN_DOCUMENTATION_COMMENTS = YES;
				CLANG_WARN_EMPTY_BODY = YES;
				CLANG_WARN_ENUM_CONVERSION = YES;
				CLANG_WARN_INFINITE_RECURSION = YES;
				CLANG_WARN_INT_CONVERSION = YES;
				CLANG_WARN_NON_LITERAL_NULL_CONVERSION = YES;
				CLANG_WARN_OBJC_IMPLICIT_RETAIN_SELF = YES;
				CLANG_WARN_OBJC_LITERAL_CONVERSION = YES;
				CLANG_WARN_OBJC_ROOT_CLASS = YES_ERROR;
				CLANG_WARN_QUOTED_INCLUDE_IN_FRAMEWORK_HEADER = YES;
				CLANG_WARN_RANGE_LOOP_ANALYSIS = YES;
				CLANG_WARN_STRICT_PROTOTYPES = YES;
				CLANG_WARN_SUSPICIOUS_MOVE = YES;
				CLANG_WARN_UNGUARDED_AVAILABILITY = YES_AGGRESSIVE;
				CLANG_WARN_UNREACHABLE_CODE = YES;
				CLANG_WARN__DUPLICATE_METHOD_MATCH = YES;
				COPY_PHASE_STRIP = NO;
				DEBUG_INFORMATION_FORMAT = dwarf;
				ENABLE_STRICT_OBJC_MSGSEND = YES;
				ENABLE_TESTABILITY = YES;
				GCC_C_LANGUAGE_STANDARD = gnu11;
				GCC_DYNAMIC_NO_PIC = NO;
				GCC_NO_COMMON_BLOCKS = YES;
				GCC_OPTIMIZATION_LEVEL = 0;
				GCC_PREPROCESSOR_DEFINITIONS = (
					"DEBUG=1",
					"$(inherited)",
				);
				GCC_WARN_64_TO_32_BIT_CONVERSION = YES;
				GCC_WARN_ABOUT_RETURN_TYPE = YES_ERROR;
				GCC_WARN_UNDECLARED_SELECTOR = YES;
				GCC_WARN_UNINITIALIZED_AUTOS = YES_AGGRESSIVE;
				GCC_WARN_UNUSED_FUNCTION = YES;
				GCC_WARN_UNUSED_VARIABLE = YES;
				IPHONEOS_DEPLOYMENT_TARGET = 15.4;
				MTL_ENABLE_DEBUG_INFO = INCLUDE_SOURCE;
				MTL_FAST_MATH = YES;
				ONLY_ACTIVE_ARCH = YES;
				SDKROOT = iphoneos;
				SWIFT_ACTIVE_COMPILATION_CONDITIONS = DEBUG;
				SWIFT_OPTIMIZATION_LEVEL = "-Onone";
			};
			name = Debug;
		};
		3CAEF4072D3A63660083DB01 /* Release */ = {
			isa = XCBuildConfiguration;
			buildSettings = {
				ALWAYS_SEARCH_USER_PATHS = NO;
				CLANG_ANALYZER_NONNULL = YES;
				CLANG_ANALYZER_NUMBER_OBJECT_CONVERSION = YES_AGGRESSIVE;
				CLANG_CXX_LANGUAGE_STANDARD = "gnu++17";
				CLANG_ENABLE_MODULES = YES;
				CLANG_ENABLE_OBJC_ARC = YES;
				CLANG_ENABLE_OBJC_WEAK = YES;
				CLANG_WARN_BLOCK_CAPTURE_AUTORELEASING = YES;
				CLANG_WARN_BOOL_CONVERSION = YES;
				CLANG_WARN_COMMA = YES;
				CLANG_WARN_CONSTANT_CONVERSION = YES;
				CLANG_WARN_DEPRECATED_OBJC_IMPLEMENTATIONS = YES;
				CLANG_WARN_DIRECT_OBJC_ISA_USAGE = YES_ERROR;
				CLANG_WARN_DOCUMENTATION_COMMENTS = YES;
				CLANG_WARN_EMPTY_BODY = YES;
				CLANG_WARN_ENUM_CONVERSION = YES;
				CLANG_WARN_INFINITE_RECURSION = YES;
				CLANG_WARN_INT_CONVERSION = YES;
				CLANG_WARN_NON_LITERAL_NULL_CONVERSION = YES;
				CLANG_WARN_OBJC_IMPLICIT_RETAIN_SELF = YES;
				CLANG_WARN_OBJC_LITERAL_CONVERSION = YES;
				CLANG_WARN_OBJC_ROOT_CLASS = YES_ERROR;
				CLANG_WARN_QUOTED_INCLUDE_IN_FRAMEWORK_HEADER = YES;
				CLANG_WARN_RANGE_LOOP_ANALYSIS = YES;
				CLANG_WARN_STRICT_PROTOTYPES = YES;
				CLANG_WARN_SUSPICIOUS_MOVE = YES;
				CLANG_WARN_UNGUARDED_AVAILABILITY = YES_AGGRESSIVE;
				CLANG_WARN_UNREACHABLE_CODE = YES;
				CLANG_WARN__DUPLICATE_METHOD_MATCH = YES;
				COPY_PHASE_STRIP = NO;
				DEBUG_INFORMATION_FORMAT = "dwarf-with-dsym";
				ENABLE_NS_ASSERTIONS = NO;
				ENABLE_STRICT_OBJC_MSGSEND = YES;
				GCC_C_LANGUAGE_STANDARD = gnu11;
				GCC_NO_COMMON_BLOCKS = YES;
				GCC_WARN_64_TO_32_BIT_CONVERSION = YES;
				GCC_WARN_ABOUT_RETURN_TYPE = YES_ERROR;
				GCC_WARN_UNDECLARED_SELECTOR = YES;
				GCC_WARN_UNINITIALIZED_AUTOS = YES_AGGRESSIVE;
				GCC_WARN_UNUSED_FUNCTION = YES;
				GCC_WARN_UNUSED_VARIABLE = YES;
				IPHONEOS_DEPLOYMENT_TARGET = 15.4;
				MTL_ENABLE_DEBUG_INFO = NO;
				MTL_FAST_MATH = YES;
				SDKROOT = iphoneos;
				SWIFT_COMPILATION_MODE = wholemodule;
				SWIFT_OPTIMIZATION_LEVEL = "-O";
				VALIDATE_PRODUCT = YES;
			};
			name = Release;
		};
		3CAEF4092D3A63660083DB01 /* Debug */ = {
			isa = XCBuildConfiguration;
			buildSettings = {
				ASSETCATALOG_COMPILER_APPICON_NAME = AppIcon;
				ASSETCATALOG_COMPILER_GLOBAL_ACCENT_COLOR_NAME = AccentColor;
				CLANG_ENABLE_MODULES = YES;
				CODE_SIGN_STYLE = Automatic;
				CURRENT_PROJECT_VERSION = 1;
				DEVELOPMENT_ASSET_PATHS = "\"ColorCrush/Preview Content\"";
				ENABLE_PREVIEWS = YES;
				GENERATE_INFOPLIST_FILE = YES;
				INFOPLIST_KEY_CFBundleDisplayName = ColorCrush;
				INFOPLIST_KEY_UIApplicationSceneManifest_Generation = YES;
				INFOPLIST_KEY_UIApplicationSupportsIndirectInputEvents = YES;
				INFOPLIST_KEY_UILaunchScreen_Generation = YES;
				INFOPLIST_KEY_UISupportedInterfaceOrientations_iPad = "UIInterfaceOrientationPortrait UIInterfaceOrientationPortraitUpsideDown UIInterfaceOrientationLandscapeLeft UIInterfaceOrientationLandscapeRight";
				INFOPLIST_KEY_UISupportedInterfaceOrientations_iPhone = "UIInterfaceOrientationPortrait UIInterfaceOrientationLandscapeLeft UIInterfaceOrientationLandscapeRight";
				IPHONEOS_DEPLOYMENT_TARGET = 15.0;
				LD_RUNPATH_SEARCH_PATHS = (
					"$(inherited)",
					"@executable_path/Frameworks",
				);
				MARKETING_VERSION = 1.0;
				PRODUCT_BUNDLE_IDENTIFIER = test.ColorCrush;
				PRODUCT_NAME = "$(TARGET_NAME)";
				SUPPORTED_PLATFORMS = "iphoneos iphonesimulator";
				SUPPORTS_MACCATALYST = NO;
				SUPPORTS_MAC_DESIGNED_FOR_IPHONE_IPAD = NO;
				SWIFT_EMIT_LOC_STRINGS = YES;
				SWIFT_OBJC_BRIDGING_HEADER = "ColorCrush-Bridging-Header.h";
				SWIFT_OPTIMIZATION_LEVEL = "-Onone";
				SWIFT_VERSION = 5.0;
				TARGETED_DEVICE_FAMILY = 1;
			};
			name = Debug;
		};
		3CAEF40A2D3A63660083DB01 /* Release */ = {
			isa = XCBuildConfiguration;
			buildSettings = {
				ASSETCATALOG_COMPILER_APPICON_NAME = AppIcon;
				ASSETCATALOG_COMPILER_GLOBAL_ACCENT_COLOR_NAME = AccentColor;
				CLANG_ENABLE_MODULES = YES;
				CODE_SIGN_STYLE = Automatic;
				CURRENT_PROJECT_VERSION = 1;
				DEVELOPMENT_ASSET_PATHS = "\"ColorCrush/Preview Content\"";
				ENABLE_PREVIEWS = YES;
				GENERATE_INFOPLIST_FILE = YES;
				INFOPLIST_KEY_CFBundleDisplayName = ColorCrush;
				INFOPLIST_KEY_UIApplicationSceneManifest_Generation = YES;
				INFOPLIST_KEY_UIApplicationSupportsIndirectInputEvents = YES;
				INFOPLIST_KEY_UILaunchScreen_Generation = YES;
				INFOPLIST_KEY_UISupportedInterfaceOrientations_iPad = "UIInterfaceOrientationPortrait UIInterfaceOrientationPortraitUpsideDown UIInterfaceOrientationLandscapeLeft UIInterfaceOrientationLandscapeRight";
				INFOPLIST_KEY_UISupportedInterfaceOrientations_iPhone = "UIInterfaceOrientationPortrait UIInterfaceOrientationLandscapeLeft UIInterfaceOrientationLandscapeRight";
				IPHONEOS_DEPLOYMENT_TARGET = 15.0;
				LD_RUNPATH_SEARCH_PATHS = (
					"$(inherited)",
					"@executable_path/Frameworks",
				);
				MARKETING_VERSION = 1.0;
				PRODUCT_BUNDLE_IDENTIFIER = test.ColorCrush;
				PRODUCT_NAME = "$(TARGET_NAME)";
				SUPPORTED_PLATFORMS = "iphoneos iphonesimulator";
				SUPPORTS_MACCATALYST = NO;
				SUPPORTS_MAC_DESIGNED_FOR_IPHONE_IPAD = NO;
				SWIFT_EMIT_LOC_STRINGS = YES;
				SWIFT_OBJC_BRIDGING_HEADER = "ColorCrush-Bridging-Header.h";
				SWIFT_VERSION = 5.0;
				TARGETED_DEVICE_FAMILY = 1;
			};
			name = Release;
		};
/* End XCBuildConfiguration section */

/* Begin XCConfigurationList section */
		3CAEF3F52D3A63600083DB01 /* Build configuration list for PBXProject "ColorCrush" */ = {
			isa = XCConfigurationList;
			buildConfigurations = (
				3CAEF4062D3A63660083DB01 /* Debug */,
				3CAEF4072D3A63660083DB01 /* Release */,
			);
			defaultConfigurationIsVisible = 0;
			defaultConfigurationName = Release;
		};
		3CAEF4082D3A63660083DB01 /* Build configuration list for PBXNativeTarget "ColorCrush" */ = {
			isa = XCConfigurationList;
			buildConfigurations = (
				3CAEF4092D3A63660083DB01 /* Debug */,
				3CAEF40A2D3A63660083DB01 /* Release */,
			);
			defaultConfigurationIsVisible = 0;
			defaultConfigurationName = Release;
		};
/* End XCConfigurationList section */
	};
	rootObject = 3CAEF3F22D3A63600083DB01 /* Project object */;
}
